# Bill Haley. 12-bar in A.
# Solo la progressione di accordi (niente melodia né testo), a scopo didattico.
title: "Rock Around the Clock (progressione)"
tempo: 180
groove: rockabilly/boogie

sections:
  - name: Intro
    chords: |
      | A | A | A | A |
  - name: Strofa
    repeat: 4
    chords: |
      | A | A | A | A |
      | D | D | A | A |
      | E7 | D | A | E7 |
